// !$*UTF8*$!
{
	archiveVersion = 1;
	classes = {
	};
	objectVersion = 45;
	objects = {

/* Begin PBXBuildFile section */
		1D3623260D0F684500981E51 /* SecureUserDefaultsAppDelegate.m in Sources */ = {isa = PBXBuildFile; fileRef = 1D3623250D0F684500981E51 /* SecureUserDefaultsAppDelegate.m */; };
		1D60589B0D05DD56006BFB54 /* main.m in Sources */ = {isa = PBXBuildFile; fileRef = 29B97316FDCFA39411CA2CEA /* main.m */; };
		1D60589F0D05DD5A006BFB54 /* Foundation.framework in Frameworks */ = {isa = PBXBuildFile; fileRef = 1D30AB110D05D00D00671497 /* Foundation.framework */; };
		1DF5F4E00D08C38300B7A737 /* UIKit.framework in Frameworks */ = {isa = PBXBuildFile; fileRef = 1DF5F4DF0D08C38300B7A737 /* UIKit.framework */; };
		288765FD0DF74451002DB57D /* CoreGraphics.framework in Frameworks */ = {isa = PBXBuildFile; fileRef = 288765FC0DF74451002DB57D /* CoreGraphics.framework */; };
		28AD733F0D9D9553002E5188 /* MainWindow.xib in Resources */ = {isa = PBXBuildFile; fileRef = 28AD733E0D9D9553002E5188 /* MainWindow.xib */; };
		8C5B6BAB1095B2F00095EA3D /* NSString+PWSecuredUserDefaults.m in Sources */ = {isa = PBXBuildFile; fileRef = 8C8C05B61094F42F0020CCF2 /* NSString+PWSecuredUserDefaults.m */; };
		8C5B6BAC1095B2F00095EA3D /* NSUserDefaults+PWSecuredUserDefaults.m in Sources */ = {isa = PBXBuildFile; fileRef = 8C8C05701094BCB00020CCF2 /* NSUserDefaults+PWSecuredUserDefaults.m */; };
		8C5B6BAE1095B3260095EA3D /* Cocoa.framework in Frameworks */ = {isa = PBXBuildFile; fileRef = 8C5B6BAD1095B3260095EA3D /* Cocoa.framework */; };
		8C5B6BCF1095B4130095EA3D /* main.m in Sources */ = {isa = PBXBuildFile; fileRef = 29B97316FDCFA39411CA2CEA /* main.m */; };
		8C5B6CC01095B9030095EA3D /* MainMenu.xib in Resources */ = {isa = PBXBuildFile; fileRef = 8C5B6CB61095B8FC0095EA3D /* MainMenu.xib */; };
		8C5B6CC91095BA830095EA3D /* AppController.m in Sources */ = {isa = PBXBuildFile; fileRef = 8C5B6CC41095B9460095EA3D /* AppController.m */; };
		8C5B6D641095C0480095EA3D /* Test.m in Sources */ = {isa = PBXBuildFile; fileRef = 8C5B6D631095C0480095EA3D /* Test.m */; };
		8C5B6D651095C0F60095EA3D /* Test.m in Sources */ = {isa = PBXBuildFile; fileRef = 8C5B6D631095C0480095EA3D /* Test.m */; };
		8C8C05711094BCB00020CCF2 /* NSUserDefaults+PWSecuredUserDefaults.m in Sources */ = {isa = PBXBuildFile; fileRef = 8C8C05701094BCB00020CCF2 /* NSUserDefaults+PWSecuredUserDefaults.m */; };
		8C8C05B71094F42F0020CCF2 /* NSString+PWSecuredUserDefaults.m in Sources */ = {isa = PBXBuildFile; fileRef = 8C8C05B61094F42F0020CCF2 /* NSString+PWSecuredUserDefaults.m */; };
/* End PBXBuildFile section */

/* Begin PBXFileReference section */
		1D30AB110D05D00D00671497 /* Foundation.framework */ = {isa = PBXFileReference; lastKnownFileType = wrapper.framework; name = Foundation.framework; path = System/Library/Frameworks/Foundation.framework; sourceTree = SDKROOT; };
		1D3623240D0F684500981E51 /* SecureUserDefaultsAppDelegate.h */ = {isa = PBXFileReference; fileEncoding = 4; lastKnownFileType = sourcecode.c.h; path = SecureUserDefaultsAppDelegate.h; sourceTree = "<group>"; };
		1D3623250D0F684500981E51 /* SecureUserDefaultsAppDelegate.m */ = {isa = PBXFileReference; fileEncoding = 4; lastKnownFileType = sourcecode.c.objc; path = SecureUserDefaultsAppDelegate.m; sourceTree = "<group>"; };
		1D6058910D05DD3D006BFB54 /* SecureUserDefaults.app */ = {isa = PBXFileReference; explicitFileType = wrapper.application; includeInIndex = 0; path = SecureUserDefaults.app; sourceTree = BUILT_PRODUCTS_DIR; };
		1DF5F4DF0D08C38300B7A737 /* UIKit.framework */ = {isa = PBXFileReference; lastKnownFileType = wrapper.framework; name = UIKit.framework; path = System/Library/Frameworks/UIKit.framework; sourceTree = SDKROOT; };
		288765FC0DF74451002DB57D /* CoreGraphics.framework */ = {isa = PBXFileReference; lastKnownFileType = wrapper.framework; name = CoreGraphics.framework; path = System/Library/Frameworks/CoreGraphics.framework; sourceTree = SDKROOT; };
		28AD733E0D9D9553002E5188 /* MainWindow.xib */ = {isa = PBXFileReference; lastKnownFileType = file.xib; path = MainWindow.xib; sourceTree = "<group>"; };
		29B97316FDCFA39411CA2CEA /* main.m */ = {isa = PBXFileReference; fileEncoding = 4; lastKnownFileType = sourcecode.c.objc; path = main.m; sourceTree = "<group>"; };
		32CA4F630368D1EE00C91783 /* SecureUserDefaults_Prefix.pch */ = {isa = PBXFileReference; fileEncoding = 4; lastKnownFileType = sourcecode.c.h; path = SecureUserDefaults_Prefix.pch; sourceTree = "<group>"; };
		8C5B6BA51095B2D30095EA3D /* MacOSX.app */ = {isa = PBXFileReference; explicitFileType = wrapper.application; includeInIndex = 0; path = MacOSX.app; sourceTree = BUILT_PRODUCTS_DIR; };
		8C5B6BA71095B2D30095EA3D /* MacOSX-Info.plist */ = {isa = PBXFileReference; lastKnownFileType = text.plist.xml; path = "MacOSX-Info.plist"; sourceTree = "<group>"; };
		8C5B6BAD1095B3260095EA3D /* Cocoa.framework */ = {isa = PBXFileReference; lastKnownFileType = wrapper.framework; name = Cocoa.framework; path = System/Library/Frameworks/Cocoa.framework; sourceTree = SDKROOT; };
		8C5B6CB61095B8FC0095EA3D /* MainMenu.xib */ = {isa = PBXFileReference; lastKnownFileType = file.xib; path = MainMenu.xib; sourceTree = "<group>"; };
		8C5B6CC31095B9460095EA3D /* AppController.h */ = {isa = PBXFileReference; fileEncoding = 4; lastKnownFileType = sourcecode.c.h; path = AppController.h; sourceTree = "<group>"; };
		8C5B6CC41095B9460095EA3D /* AppController.m */ = {isa = PBXFileReference; fileEncoding = 4; lastKnownFileType = sourcecode.c.objc; path = AppController.m; sourceTree = "<group>"; };
		8C5B6D621095C0480095EA3D /* Test.h */ = {isa = PBXFileReference; fileEncoding = 4; lastKnownFileType = sourcecode.c.h; path = Test.h; sourceTree = "<group>"; };
		8C5B6D631095C0480095EA3D /* Test.m */ = {isa = PBXFileReference; fileEncoding = 4; lastKnownFileType = sourcecode.c.objc; path = Test.m; sourceTree = "<group>"; };
		8C8C056F1094BCB00020CCF2 /* NSUserDefaults+PWSecuredUserDefaults.h */ = {isa = PBXFileReference; fileEncoding = 4; lastKnownFileType = sourcecode.c.h; path = "NSUserDefaults+PWSecuredUserDefaults.h"; sourceTree = "<group>"; };
		8C8C05701094BCB00020CCF2 /* NSUserDefaults+PWSecuredUserDefaults.m */ = {isa = PBXFileReference; fileEncoding = 4; lastKnownFileType = sourcecode.c.objc; path = "NSUserDefaults+PWSecuredUserDefaults.m"; sourceTree = "<group>"; };
		8C8C05B51094F42F0020CCF2 /* NSString+PWSecuredUserDefaults.h */ = {isa = PBXFileReference; fileEncoding = 4; lastKnownFileType = sourcecode.c.h; path = "NSString+PWSecuredUserDefaults.h"; sourceTree = "<group>"; };
		8C8C05B61094F42F0020CCF2 /* NSString+PWSecuredUserDefaults.m */ = {isa = PBXFileReference; fileEncoding = 4; lastKnownFileType = sourcecode.c.objc; path = "NSString+PWSecuredUserDefaults.m"; sourceTree = "<group>"; };
		8D1107310486CEB800E47090 /* iPhone-Info.plist */ = {isa = PBXFileReference; fileEncoding = 4; lastKnownFileType = text.plist.xml; path = "iPhone-Info.plist"; plistStructureDefinitionIdentifier = "com.apple.xcode.plist.structure-definition.iphone.info-plist"; sourceTree = "<group>"; };
/* End PBXFileReference section */

/* Begin PBXFrameworksBuildPhase section */
		1D60588F0D05DD3D006BFB54 /* Frameworks */ = {
			isa = PBXFrameworksBuildPhase;
			buildActionMask = 2147483647;
			files = (
				1D60589F0D05DD5A006BFB54 /* Foundation.framework in Frameworks */,
				1DF5F4E00D08C38300B7A737 /* UIKit.framework in Frameworks */,
				288765FD0DF74451002DB57D /* CoreGraphics.framework in Frameworks */,
			);
			runOnlyForDeploymentPostprocessing = 0;
		};
		8C5B6BA31095B2D30095EA3D /* Frameworks */ = {
			isa = PBXFrameworksBuildPhase;
			buildActionMask = 2147483647;
			files = (
				8C5B6BAE1095B3260095EA3D /* Cocoa.framework in Frameworks */,
			);
			runOnlyForDeploymentPostprocessing = 0;
		};
/* End PBXFrameworksBuildPhase section */

/* Begin PBXGroup section */
		080E96DDFE201D6D7F000001 /* Classes */ = {
			isa = PBXGroup;
			children = (
				8C8C05B51094F42F0020CCF2 /* NSString+PWSecuredUserDefaults.h */,
				8C8C05B61094F42F0020CCF2 /* NSString+PWSecuredUserDefaults.m */,
				8C8C056F1094BCB00020CCF2 /* NSUserDefaults+PWSecuredUserDefaults.h */,
				8C8C05701094BCB00020CCF2 /* NSUserDefaults+PWSecuredUserDefaults.m */,
			);
			path = Classes;
			sourceTree = "<group>";
		};
		19C28FACFE9D520D11CA2CBB /* Products */ = {
			isa = PBXGroup;
			children = (
				1D6058910D05DD3D006BFB54 /* SecureUserDefaults.app */,
				8C5B6BA51095B2D30095EA3D /* MacOSX.app */,
			);
			name = Products;
			sourceTree = "<group>";
		};
		29B97314FDCFA39411CA2CEA /* CustomTemplate */ = {
			isa = PBXGroup;
			children = (
				8C5B6D531095BFB60095EA3D /* Examples */,
				080E96DDFE201D6D7F000001 /* Classes */,
				29B97315FDCFA39411CA2CEA /* Other Sources */,
				29B97317FDCFA39411CA2CEA /* Resources */,
				29B97323FDCFA39411CA2CEA /* Frameworks */,
				19C28FACFE9D520D11CA2CBB /* Products */,
			);
			name = CustomTemplate;
			sourceTree = "<group>";
		};
		29B97315FDCFA39411CA2CEA /* Other Sources */ = {
			isa = PBXGroup;
			children = (
				32CA4F630368D1EE00C91783 /* SecureUserDefaults_Prefix.pch */,
				29B97316FDCFA39411CA2CEA /* main.m */,
			);
			name = "Other Sources";
			sourceTree = "<group>";
		};
		29B97317FDCFA39411CA2CEA /* Resources */ = {
			isa = PBXGroup;
			children = (
			);
			name = Resources;
			sourceTree = "<group>";
		};
		29B97323FDCFA39411CA2CEA /* Frameworks */ = {
			isa = PBXGroup;
			children = (
				8C5B6BAD1095B3260095EA3D /* Cocoa.framework */,
				1DF5F4DF0D08C38300B7A737 /* UIKit.framework */,
				1D30AB110D05D00D00671497 /* Foundation.framework */,
				288765FC0DF74451002DB57D /* CoreGraphics.framework */,
			);
			name = Frameworks;
			sourceTree = "<group>";
		};
		8C5B6D531095BFB60095EA3D /* Examples */ = {
			isa = PBXGroup;
			children = (
				8C5B6D621095C0480095EA3D /* Test.h */,
				8C5B6D631095C0480095EA3D /* Test.m */,
				8C5B6D541095BFC50095EA3D /* iPhone */,
				8C5B6D551095BFC50095EA3D /* Mac */,
			);
			path = Examples;
			sourceTree = "<group>";
		};
		8C5B6D541095BFC50095EA3D /* iPhone */ = {
			isa = PBXGroup;
			children = (
				28AD733E0D9D9553002E5188 /* MainWindow.xib */,
				8D1107310486CEB800E47090 /* iPhone-Info.plist */,
				1D3623240D0F684500981E51 /* SecureUserDefaultsAppDelegate.h */,
				1D3623250D0F684500981E51 /* SecureUserDefaultsAppDelegate.m */,
			);
			path = iPhone;
			sourceTree = "<group>";
		};
		8C5B6D551095BFC50095EA3D /* Mac */ = {
			isa = PBXGroup;
			children = (
				8C5B6CB61095B8FC0095EA3D /* MainMenu.xib */,
				8C5B6BA71095B2D30095EA3D /* MacOSX-Info.plist */,
				8C5B6CC31095B9460095EA3D /* AppController.h */,
				8C5B6CC41095B9460095EA3D /* AppController.m */,
			);
			path = Mac;
			sourceTree = "<group>";
		};
/* End PBXGroup section */

/* Begin PBXNativeTarget section */
		1D6058900D05DD3D006BFB54 /* iPhone */ = {
			isa = PBXNativeTarget;
			buildConfigurationList = 1D6058960D05DD3E006BFB54 /* Build configuration list for PBXNativeTarget "iPhone" */;
			buildPhases = (
				1D60588D0D05DD3D006BFB54 /* Resources */,
				1D60588E0D05DD3D006BFB54 /* Sources */,
				1D60588F0D05DD3D006BFB54 /* Frameworks */,
			);
			buildRules = (
			);
			dependencies = (
			);
			name = iPhone;
			productName = SecureUserDefaults;
			productReference = 1D6058910D05DD3D006BFB54 /* SecureUserDefaults.app */;
			productType = "com.apple.product-type.application";
		};
		8C5B6BA41095B2D30095EA3D /* MacOSX */ = {
			isa = PBXNativeTarget;
			buildConfigurationList = 8C5B6BAA1095B2D40095EA3D /* Build configuration list for PBXNativeTarget "MacOSX" */;
			buildPhases = (
				8C5B6BA11095B2D30095EA3D /* Resources */,
				8C5B6BA21095B2D30095EA3D /* Sources */,
				8C5B6BA31095B2D30095EA3D /* Frameworks */,
			);
			buildRules = (
			);
			dependencies = (
			);
			name = MacOSX;
			productName = MacOSX;
			productReference = 8C5B6BA51095B2D30095EA3D /* MacOSX.app */;
			productType = "com.apple.product-type.application";
		};
/* End PBXNativeTarget section */

/* Begin PBXProject section */
		29B97313FDCFA39411CA2CEA /* Project object */ = {
			isa = PBXProject;
			buildConfigurationList = C01FCF4E08A954540054247B /* Build configuration list for PBXProject "SecureUserDefaults" */;
			compatibilityVersion = "Xcode 3.1";
			hasScannedForEncodings = 1;
			mainGroup = 29B97314FDCFA39411CA2CEA /* CustomTemplate */;
			projectDirPath = "";
			projectRoot = "";
			targets = (
				1D6058900D05DD3D006BFB54 /* iPhone */,
				8C5B6BA41095B2D30095EA3D /* MacOSX */,
			);
		};
/* End PBXProject section */

/* Begin PBXResourcesBuildPhase section */
		1D60588D0D05DD3D006BFB54 /* Resources */ = {
			isa = PBXResourcesBuildPhase;
			buildActionMask = 2147483647;
			files = (
				28AD733F0D9D9553002E5188 /* MainWindow.xib in Resources */,
			);
			runOnlyForDeploymentPostprocessing = 0;
		};
		8C5B6BA11095B2D30095EA3D /* Resources */ = {
			isa = PBXResourcesBuildPhase;
			buildActionMask = 2147483647;
			files = (
				8C5B6CC01095B9030095EA3D /* MainMenu.xib in Resources */,
			);
			runOnlyForDeploymentPostprocessing = 0;
		};
/* End PBXResourcesBuildPhase section */

/* Begin PBXSourcesBuildPhase section */
		1D60588E0D05DD3D006BFB54 /* Sources */ = {
			isa = PBXSourcesBuildPhase;
			buildActionMask = 2147483647;
			files = (
				1D60589B0D05DD56006BFB54 /* main.m in Sources */,
				1D3623260D0F684500981E51 /* SecureUserDefaultsAppDelegate.m in Sources */,
				8C8C05711094BCB00020CCF2 /* NSUserDefaults+PWSecuredUserDefaults.m in Sources */,
				8C8C05B71094F42F0020CCF2 /* NSString+PWSecuredUserDefaults.m in Sources */,
				8C5B6D641095C0480095EA3D /* Test.m in Sources */,
			);
			runOnlyForDeploymentPostprocessing = 0;
		};
		8C5B6BA21095B2D30095EA3D /* Sources */ = {
			isa = PBXSourcesBuildPhase;
			buildActionMask = 2147483647;
			files = (
				8C5B6D651095C0F60095EA3D /* Test.m in Sources */,
				8C5B6CC91095BA830095EA3D /* AppController.m in Sources */,
				8C5B6BCF1095B4130095EA3D /* main.m in Sources */,
				8C5B6BAB1095B2F00095EA3D /* NSString+PWSecuredUserDefaults.m in Sources */,
				8C5B6BAC1095B2F00095EA3D /* NSUserDefaults+PWSecuredUserDefaults.m in Sources */,
			);
			runOnlyForDeploymentPostprocessing = 0;
		};
/* End PBXSourcesBuildPhase section */

/* Begin XCBuildConfiguration section */
		1D6058940D05DD3E006BFB54 /* Debug */ = {
			isa = XCBuildConfiguration;
			buildSettings = {
				ALWAYS_SEARCH_USER_PATHS = NO;
				COPY_PHASE_STRIP = NO;
				GCC_DYNAMIC_NO_PIC = NO;
				GCC_OPTIMIZATION_LEVEL = 0;
				GCC_PRECOMPILE_PREFIX_HEADER = YES;
				GCC_PREFIX_HEADER = SecureUserDefaults_Prefix.pch;
				INFOPLIST_FILE = "Examples/iPhone/iPhone-Info.plist";
				OTHER_CFLAGS = "-DIPHONE";
				OTHER_LDFLAGS = "";
				PRODUCT_NAME = SecureUserDefaults;
				SDKROOT = iphoneos3.0;
			};
			name = Debug;
		};
		1D6058950D05DD3E006BFB54 /* Release */ = {
			isa = XCBuildConfiguration;
			buildSettings = {
				ALWAYS_SEARCH_USER_PATHS = NO;
				COPY_PHASE_STRIP = YES;
				GCC_PRECOMPILE_PREFIX_HEADER = YES;
				GCC_PREFIX_HEADER = SecureUserDefaults_Prefix.pch;
				INFOPLIST_FILE = "Examples/iPhone/iPhone-Info.plist";
				OTHER_CFLAGS = "-DIPHONE";
				OTHER_LDFLAGS = "";
				PRODUCT_NAME = SecureUserDefaults;
				SDKROOT = iphoneos3.0;
			};
			name = Release;
		};
		8C5B6BA81095B2D40095EA3D /* Debug */ = {
			isa = XCBuildConfiguration;
			buildSettings = {
				ALWAYS_SEARCH_USER_PATHS = NO;
				COPY_PHASE_STRIP = NO;
				GCC_DYNAMIC_NO_PIC = NO;
				GCC_ENABLE_FIX_AND_CONTINUE = YES;
				GCC_MODEL_TUNING = G5;
				GCC_OPTIMIZATION_LEVEL = 0;
				GCC_PRECOMPILE_PREFIX_HEADER = YES;
				GCC_PREFIX_HEADER = "$(SYSTEM_LIBRARY_DIR)/Frameworks/AppKit.framework/Headers/AppKit.h";
				INFOPLIST_FILE = "Examples/Mac/MacOSX-Info.plist";
				INSTALL_PATH = "$(HOME)/Applications";
				OTHER_CFLAGS = "-DMACOSX";
				OTHER_LDFLAGS = (
					"-framework",
					Foundation,
					"-framework",
					AppKit,
				);
				PREBINDING = NO;
				PRODUCT_NAME = MacOSX;
				SDKROOT = macosx10.5;
			};
			name = Debug;
		};
		8C5B6BA91095B2D40095EA3D /* Release */ = {
			isa = XCBuildConfiguration;
			buildSettings = {
				ALWAYS_SEARCH_USER_PATHS = NO;
				COPY_PHASE_STRIP = YES;
				DEBUG_INFORMATION_FORMAT = "dwarf-with-dsym";
				GCC_ENABLE_FIX_AND_CONTINUE = NO;
				GCC_MODEL_TUNING = G5;
				GCC_PRECOMPILE_PREFIX_HEADER = YES;
				GCC_PREFIX_HEADER = "$(SYSTEM_LIBRARY_DIR)/Frameworks/AppKit.framework/Headers/AppKit.h";
				INFOPLIST_FILE = "Examples/Mac/MacOSX-Info.plist";
				INSTALL_PATH = "$(HOME)/Applications";
				OTHER_CFLAGS = "-DMACOSX";
				OTHER_LDFLAGS = (
					"-framework",
					Foundation,
					"-framework",
					AppKit,
				);
				PREBINDING = NO;
				PRODUCT_NAME = MacOSX;
				SDKROOT = macosx10.5;
				ZERO_LINK = NO;
			};
			name = Release;
		};
		C01FCF4F08A954540054247B /* Debug */ = {
			isa = XCBuildConfiguration;
			buildSettings = {
				ARCHS = "$(ARCHS_STANDARD_32_BIT)";
				"CODE_SIGN_IDENTITY[sdk=iphoneos*]" = "iPhone Developer";
				GCC_C_LANGUAGE_STANDARD = c99;
				GCC_WARN_ABOUT_RETURN_TYPE = YES;
				GCC_WARN_UNUSED_VARIABLE = YES;
				PREBINDING = NO;
				SDKROOT = iphoneos3.1.2;
			};
			name = Debug;
		};
		C01FCF5008A954540054247B /* Release */ = {
			isa = XCBuildConfiguration;
			buildSettings = {
				ARCHS = "$(ARCHS_STANDARD_32_BIT)";
				"CODE_SIGN_IDENTITY[sdk=iphoneos*]" = "iPhone Developer";
				GCC_C_LANGUAGE_STANDARD = c99;
				GCC_WARN_ABOUT_RETURN_TYPE = YES;
				GCC_WARN_UNUSED_VARIABLE = YES;
				PREBINDING = NO;
				SDKROOT = iphoneos3.1.2;
			};
			name = Release;
		};
/* End XCBuildConfiguration section */

/* Begin XCConfigurationList section */
		1D6058960D05DD3E006BFB54 /* Build configuration list for PBXNativeTarget "iPhone" */ = {
			isa = XCConfigurationList;
			buildConfigurations = (
				1D6058940D05DD3E006BFB54 /* Debug */,
				1D6058950D05DD3E006BFB54 /* Release */,
			);
			defaultConfigurationIsVisible = 0;
			defaultConfigurationName = Release;
		};
		8C5B6BAA1095B2D40095EA3D /* Build configuration list for PBXNativeTarget "MacOSX" */ = {
			isa = XCConfigurationList;
			buildConfigurations = (
				8C5B6BA81095B2D40095EA3D /* Debug */,
				8C5B6BA91095B2D40095EA3D /* Release */,
			);
			defaultConfigurationIsVisible = 0;
			defaultConfigurationName = Release;
		};
		C01FCF4E08A954540054247B /* Build configuration list for PBXProject "SecureUserDefaults" */ = {
			isa = XCConfigurationList;
			buildConfigurations = (
				C01FCF4F08A954540054247B /* Debug */,
				C01FCF5008A954540054247B /* Release */,
			);
			defaultConfigurationIsVisible = 0;
			defaultConfigurationName = Release;
		};
/* End XCConfigurationList section */
	};
	rootObject = 29B97313FDCFA39411CA2CEA /* Project object */;
}
